
Microsoft Visual Studio Solution File, Format Version 12.00
# Visual Studio 15
Project("{FAE04EC0-301F-11D3-BF4B-00C04F79EFBC}") = "Unity.Timeline", "Unity.Timeline.csproj", "{5F028BBC-408C-69EA-D9BA-530A9DDF3CE1}"
EndProject
Project("{FAE04EC0-301F-11D3-BF4B-00C04F79EFBC}") = "Unity.Timeline.Editor", "Unity.Timeline.Editor.csproj", "{259E5B53-2F3D-4079-8FD3-00BB3C066713}"
EndProject
Project("{FAE04EC0-301F-11D3-BF4B-00C04F79EFBC}") = "Unity.InputSystem", "Unity.InputSystem.csproj", "{7555DCD6-02C2-E4A1-E2A7-AF808908C4B0}"
EndProject
Project("{FAE04EC0-301F-11D3-BF4B-00C04F79EFBC}") = "Unity.TextMeshPro.Editor", "Unity.TextMeshPro.Editor.csproj", "{13DC961B-EF3E-D730-7F56-298D4E24538F}"
EndProject
Project("{FAE04EC0-301F-11D3-BF4B-00C04F79EFBC}") = "Unity.VisualScripting.Flow", "Unity.VisualScripting.Flow.csproj", "{46C8A3BF-54A5-573D-9DD1-47657D415A9A}"
EndProject
Project("{FAE04EC0-301F-11D3-BF4B-00C04F79EFBC}") = "Unity.PlasticSCM.Editor", "Unity.PlasticSCM.Editor.csproj", "{30EC85CA-D9E8-088F-15DC-C3A342B4BD1D}"
EndProject
Project("{FAE04EC0-301F-11D3-BF4B-00C04F79EFBC}") = "Unity.VisualScripting.Core", "Unity.VisualScripting.Core.csproj", "{836DD647-F9F6-B727-0E94-5909B04C07F3}"
EndProject
Project("{FAE04EC0-301F-11D3-BF4B-00C04F79EFBC}") = "Unity.Mathematics", "Unity.Mathematics.csproj", "{13426E5A-451C-3C72-8D27-CA79500ED58D}"
EndProject
Project("{FAE04EC0-301F-11D3-BF4B-00C04F79EFBC}") = "Cinemachine", "Cinemachine.csproj", "{720B045B-228D-1761-9209-77EFBDA70789}"
EndProject
Project("{FAE04EC0-301F-11D3-BF4B-00C04F79EFBC}") = "Unity.VisualScripting.Core.Editor", "Unity.VisualScripting.Core.Editor.csproj", "{384D029E-9F2B-E77B-E464-9D391DEA3C8F}"
EndProject
Project("{FAE04EC0-301F-11D3-BF4B-00C04F79EFBC}") = "Unity.VisualScripting.Flow.Editor", "Unity.VisualScripting.Flow.Editor.csproj", "{DDA1FCD7-74FD-FFEF-35FF-9296BD1BEE82}"
EndProject
Project("{FAE04EC0-301F-11D3-BF4B-00C04F79EFBC}") = "UnityEditor.TestRunner", "UnityEditor.TestRunner.csproj", "{B7BF1534-E128-6702-E485-81153C481D87}"
EndProject
Project("{FAE04EC0-301F-11D3-BF4B-00C04F79EFBC}") = "Unity.VisualScripting.SettingsProvider.Editor", "Unity.VisualScripting.SettingsProvider.Editor.csproj", "{B42C9975-0FC6-1FEE-67C3-EA3DDFC0C64E}"
EndProject
Project("{FAE04EC0-301F-11D3-BF4B-00C04F79EFBC}") = "UnityEngine.TestRunner", "UnityEngine.TestRunner.csproj", "{08DC62D2-8E6D-B0E0-926E-F7B8B25F96EC}"
EndProject
Project("{FAE04EC0-301F-11D3-BF4B-00C04F79EFBC}") = "FMODUnity", "FMODUnity.csproj", "{18E7E22E-C012-97B1-FC3E-3356CAAF98C4}"
EndProject
Project("{FAE04EC0-301F-11D3-BF4B-00C04F79EFBC}") = "Unity.Searcher.Editor", "Unity.Searcher.Editor.csproj", "{B1266AB2-8321-9AA8-6890-5D910D237A12}"
EndProject
Project("{FAE04EC0-301F-11D3-BF4B-00C04F79EFBC}") = "Unity.Burst", "Unity.Burst.csproj", "{B87E5A6F-905D-82EE-3BAB-6BB7FB467B08}"
EndProject
Project("{FAE04EC0-301F-11D3-BF4B-00C04F79EFBC}") = "Unity.VisualStudio.Editor", "Unity.VisualStudio.Editor.csproj", "{4DF1F3B9-8B47-77DF-F7B1-7C4B2971766A}"
EndProject
Project("{FAE04EC0-301F-11D3-BF4B-00C04F79EFBC}") = "com.unity.cinemachine.editor", "com.unity.cinemachine.editor.csproj", "{73C6A128-48E9-248C-D719-1C8EC8BEF23A}"
EndProject
Project("{FAE04EC0-301F-11D3-BF4B-00C04F79EFBC}") = "Unity.Rider.Editor", "Unity.Rider.Editor.csproj", "{287D2396-97EC-9ED4-0AC0-E818B2AB4AE7}"
EndProject
Project("{FAE04EC0-301F-11D3-BF4B-00C04F79EFBC}") = "FMODUnityEditor", "FMODUnityEditor.csproj", "{BEAF8F8A-D901-0FE9-3A7E-4C3D1F54D795}"
EndProject
Project("{FAE04EC0-301F-11D3-BF4B-00C04F79EFBC}") = "Unity.VisualScripting.State.Editor", "Unity.VisualScripting.State.Editor.csproj", "{AD99EAA9-1A82-AF6F-4BE9-B7D5AB2BAF4D}"
EndProject
Project("{FAE04EC0-301F-11D3-BF4B-00C04F79EFBC}") = "Unity.Burst.CodeGen", "Unity.Burst.CodeGen.csproj", "{CF9FA8B1-0EE4-D89A-787E-18F3881683D6}"
EndProject
Project("{FAE04EC0-301F-11D3-BF4B-00C04F79EFBC}") = "Unity.VisualScripting.State", "Unity.VisualScripting.State.csproj", "{7113DCD7-736C-03CA-2AE7-B505E9999EF5}"
EndProject
Project("{FAE04EC0-301F-11D3-BF4B-00C04F79EFBC}") = "Unity.TextMeshPro", "Unity.TextMeshPro.csproj", "{80423E5A-4C72-C37C-DE65-907794B201FC}"
EndProject
Project("{FAE04EC0-301F-11D3-BF4B-00C04F79EFBC}") = "Unity.InputSystem.TestFramework", "Unity.InputSystem.TestFramework.csproj", "{DDAE152D-679E-63B3-1385-B32F9539FF6A}"
EndProject
Project("{FAE04EC0-301F-11D3-BF4B-00C04F79EFBC}") = "Unity.VSCode.Editor", "Unity.VSCode.Editor.csproj", "{27954F00-F751-AE10-80F7-6DAF6C2D1CAC}"
EndProject
Project("{FAE04EC0-301F-11D3-BF4B-00C04F79EFBC}") = "Unity.Burst.Editor", "Unity.Burst.Editor.csproj", "{04B24F45-AFC9-39BF-08E5-9303695EBB86}"
EndProject
Project("{FAE04EC0-301F-11D3-BF4B-00C04F79EFBC}") = "FMODUnityResonanceEditor", "FMODUnityResonanceEditor.csproj", "{4F331A45-D190-A8D5-FDE2-F0F68B91F776}"
EndProject
Project("{FAE04EC0-301F-11D3-BF4B-00C04F79EFBC}") = "Unity.InputSystem.ForUI", "Unity.InputSystem.ForUI.csproj", "{8F6A1BAB-BBA4-1417-3D17-BE9141A97962}"
EndProject
Project("{FAE04EC0-301F-11D3-BF4B-00C04F79EFBC}") = "FMODUnityResonance", "FMODUnityResonance.csproj", "{D075C3A8-4C9E-2A05-60F7-3C6030813385}"
EndProject
Project("{FAE04EC0-301F-11D3-BF4B-00C04F79EFBC}") = "Unity.Mathematics.Editor", "Unity.Mathematics.Editor.csproj", "{DCAF4517-F46C-081B-2AFE-5ABFC7398396}"
EndProject
Project("{FAE04EC0-301F-11D3-BF4B-00C04F79EFBC}") = "Assembly-CSharp", "Assembly-CSharp.csproj", "{27AB3609-15DB-52E3-4D4E-5A489B4C4689}"
EndProject
Project("{FAE04EC0-301F-11D3-BF4B-00C04F79EFBC}") = "Assembly-CSharp-Editor", "Assembly-CSharp-Editor.csproj", "{370322A7-A719-624F-301A-562657B3EFD1}"
EndProject
Project("{FAE04EC0-301F-11D3-BF4B-00C04F79EFBC}") = "Unity.VisualScripting.Shared.Editor", "Unity.VisualScripting.Shared.Editor.csproj", "{D1A69EBA-4735-137E-5406-672510AF36A9}"
EndProject
Project("{FAE04EC0-301F-11D3-BF4B-00C04F79EFBC}") = "Unity.CollabProxy.Editor", "Unity.CollabProxy.Editor.csproj", "{DC5AE9C2-3F37-D26D-0A1E-BE88D0C7E0DD}"
EndProject
Global
	GlobalSection(SolutionConfigurationPlatforms) = preSolution
		Debug|Any CPU = Debug|Any CPU
		Release|Any CPU = Release|Any CPU
	EndGlobalSection
	GlobalSection(ProjectConfigurationPlatforms) = postSolution
		{5F028BBC-408C-69EA-D9BA-530A9DDF3CE1}.Debug|Any CPU.ActiveCfg = Debug|Any CPU
		{5F028BBC-408C-69EA-D9BA-530A9DDF3CE1}.Debug|Any CPU.Build.0 = Debug|Any CPU
		{5F028BBC-408C-69EA-D9BA-530A9DDF3CE1}.Release|Any CPU.ActiveCfg = Release|Any CPU
		{5F028BBC-408C-69EA-D9BA-530A9DDF3CE1}.Release|Any CPU.Build.0 = Release|Any CPU
		{259E5B53-2F3D-4079-8FD3-00BB3C066713}.Debug|Any CPU.ActiveCfg = Debug|Any CPU
		{259E5B53-2F3D-4079-8FD3-00BB3C066713}.Debug|Any CPU.Build.0 = Debug|Any CPU
		{259E5B53-2F3D-4079-8FD3-00BB3C066713}.Release|Any CPU.ActiveCfg = Release|Any CPU
		{259E5B53-2F3D-4079-8FD3-00BB3C066713}.Release|Any CPU.Build.0 = Release|Any CPU
		{7555DCD6-02C2-E4A1-E2A7-AF808908C4B0}.Debug|Any CPU.ActiveCfg = Debug|Any CPU
		{7555DCD6-02C2-E4A1-E2A7-AF808908C4B0}.Debug|Any CPU.Build.0 = Debug|Any CPU
		{7555DCD6-02C2-E4A1-E2A7-AF808908C4B0}.Release|Any CPU.ActiveCfg = Release|Any CPU
		{7555DCD6-02C2-E4A1-E2A7-AF808908C4B0}.Release|Any CPU.Build.0 = Release|Any CPU
		{13DC961B-EF3E-D730-7F56-298D4E24538F}.Debug|Any CPU.ActiveCfg = Debug|Any CPU
		{13DC961B-EF3E-D730-7F56-298D4E24538F}.Debug|Any CPU.Build.0 = Debug|Any CPU
		{13DC961B-EF3E-D730-7F56-298D4E24538F}.Release|Any CPU.ActiveCfg = Release|Any CPU
		{13DC961B-EF3E-D730-7F56-298D4E24538F}.Release|Any CPU.Build.0 = Release|Any CPU
		{46C8A3BF-54A5-573D-9DD1-47657D415A9A}.Debug|Any CPU.ActiveCfg = Debug|Any CPU
		{46C8A3BF-54A5-573D-9DD1-47657D415A9A}.Debug|Any CPU.Build.0 = Debug|Any CPU
		{46C8A3BF-54A5-573D-9DD1-47657D415A9A}.Release|Any CPU.ActiveCfg = Release|Any CPU
		{46C8A3BF-54A5-573D-9DD1-47657D415A9A}.Release|Any CPU.Build.0 = Release|Any CPU
		{30EC85CA-D9E8-088F-15DC-C3A342B4BD1D}.Debug|Any CPU.ActiveCfg = Debug|Any CPU
		{30EC85CA-D9E8-088F-15DC-C3A342B4BD1D}.Debug|Any CPU.Build.0 = Debug|Any CPU
		{30EC85CA-D9E8-088F-15DC-C3A342B4BD1D}.Release|Any CPU.ActiveCfg = Release|Any CPU
		{30EC85CA-D9E8-088F-15DC-C3A342B4BD1D}.Release|Any CPU.Build.0 = Release|Any CPU
		{836DD647-F9F6-B727-0E94-5909B04C07F3}.Debug|Any CPU.ActiveCfg = Debug|Any CPU
		{836DD647-F9F6-B727-0E94-5909B04C07F3}.Debug|Any CPU.Build.0 = Debug|Any CPU
		{836DD647-F9F6-B727-0E94-5909B04C07F3}.Release|Any CPU.ActiveCfg = Release|Any CPU
		{836DD647-F9F6-B727-0E94-5909B04C07F3}.Release|Any CPU.Build.0 = Release|Any CPU
		{13426E5A-451C-3C72-8D27-CA79500ED58D}.Debug|Any CPU.ActiveCfg = Debug|Any CPU
		{13426E5A-451C-3C72-8D27-CA79500ED58D}.Debug|Any CPU.Build.0 = Debug|Any CPU
		{13426E5A-451C-3C72-8D27-CA79500ED58D}.Release|Any CPU.ActiveCfg = Release|Any CPU
		{13426E5A-451C-3C72-8D27-CA79500ED58D}.Release|Any CPU.Build.0 = Release|Any CPU
		{720B045B-228D-1761-9209-77EFBDA70789}.Debug|Any CPU.ActiveCfg = Debug|Any CPU
		{720B045B-228D-1761-9209-77EFBDA70789}.Debug|Any CPU.Build.0 = Debug|Any CPU
		{720B045B-228D-1761-9209-77EFBDA70789}.Release|Any CPU.ActiveCfg = Release|Any CPU
		{720B045B-228D-1761-9209-77EFBDA70789}.Release|Any CPU.Build.0 = Release|Any CPU
		{384D029E-9F2B-E77B-E464-9D391DEA3C8F}.Debug|Any CPU.ActiveCfg = Debug|Any CPU
		{384D029E-9F2B-E77B-E464-9D391DEA3C8F}.Debug|Any CPU.Build.0 = Debug|Any CPU
		{384D029E-9F2B-E77B-E464-9D391DEA3C8F}.Release|Any CPU.ActiveCfg = Release|Any CPU
		{384D029E-9F2B-E77B-E464-9D391DEA3C8F}.Release|Any CPU.Build.0 = Release|Any CPU
		{DDA1FCD7-74FD-FFEF-35FF-9296BD1BEE82}.Debug|Any CPU.ActiveCfg = Debug|Any CPU
		{DDA1FCD7-74FD-FFEF-35FF-9296BD1BEE82}.Debug|Any CPU.Build.0 = Debug|Any CPU
		{DDA1FCD7-74FD-FFEF-35FF-9296BD1BEE82}.Release|Any CPU.ActiveCfg = Release|Any CPU
		{DDA1FCD7-74FD-FFEF-35FF-9296BD1BEE82}.Release|Any CPU.Build.0 = Release|Any CPU
		{B7BF1534-E128-6702-E485-81153C481D87}.Debug|Any CPU.ActiveCfg = Debug|Any CPU
		{B7BF1534-E128-6702-E485-81153C481D87}.Debug|Any CPU.Build.0 = Debug|Any CPU
		{B7BF1534-E128-6702-E485-81153C481D87}.Release|Any CPU.ActiveCfg = Release|Any CPU
		{B7BF1534-E128-6702-E485-81153C481D87}.Release|Any CPU.Build.0 = Release|Any CPU
		{B42C9975-0FC6-1FEE-67C3-EA3DDFC0C64E}.Debug|Any CPU.ActiveCfg = Debug|Any CPU
		{B42C9975-0FC6-1FEE-67C3-EA3DDFC0C64E}.Debug|Any CPU.Build.0 = Debug|Any CPU
		{B42C9975-0FC6-1FEE-67C3-EA3DDFC0C64E}.Release|Any CPU.ActiveCfg = Release|Any CPU
		{B42C9975-0FC6-1FEE-67C3-EA3DDFC0C64E}.Release|Any CPU.Build.0 = Release|Any CPU
		{08DC62D2-8E6D-B0E0-926E-F7B8B25F96EC}.Debug|Any CPU.ActiveCfg = Debug|Any CPU
		{08DC62D2-8E6D-B0E0-926E-F7B8B25F96EC}.Debug|Any CPU.Build.0 = Debug|Any CPU
		{08DC62D2-8E6D-B0E0-926E-F7B8B25F96EC}.Release|Any CPU.ActiveCfg = Release|Any CPU
		{08DC62D2-8E6D-B0E0-926E-F7B8B25F96EC}.Release|Any CPU.Build.0 = Release|Any CPU
		{18E7E22E-C012-97B1-FC3E-3356CAAF98C4}.Debug|Any CPU.ActiveCfg = Debug|Any CPU
		{18E7E22E-C012-97B1-FC3E-3356CAAF98C4}.Debug|Any CPU.Build.0 = Debug|Any CPU
		{18E7E22E-C012-97B1-FC3E-3356CAAF98C4}.Release|Any CPU.ActiveCfg = Release|Any CPU
		{18E7E22E-C012-97B1-FC3E-3356CAAF98C4}.Release|Any CPU.Build.0 = Release|Any CPU
		{B1266AB2-8321-9AA8-6890-5D910D237A12}.Debug|Any CPU.ActiveCfg = Debug|Any CPU
		{B1266AB2-8321-9AA8-6890-5D910D237A12}.Debug|Any CPU.Build.0 = Debug|Any CPU
		{B1266AB2-8321-9AA8-6890-5D910D237A12}.Release|Any CPU.ActiveCfg = Release|Any CPU
		{B1266AB2-8321-9AA8-6890-5D910D237A12}.Release|Any CPU.Build.0 = Release|Any CPU
		{B87E5A6F-905D-82EE-3BAB-6BB7FB467B08}.Debug|Any CPU.ActiveCfg = Debug|Any CPU
		{B87E5A6F-905D-82EE-3BAB-6BB7FB467B08}.Debug|Any CPU.Build.0 = Debug|Any CPU
		{B87E5A6F-905D-82EE-3BAB-6BB7FB467B08}.Release|Any CPU.ActiveCfg = Release|Any CPU
		{B87E5A6F-905D-82EE-3BAB-6BB7FB467B08}.Release|Any CPU.Build.0 = Release|Any CPU
		{4DF1F3B9-8B47-77DF-F7B1-7C4B2971766A}.Debug|Any CPU.ActiveCfg = Debug|Any CPU
		{4DF1F3B9-8B47-77DF-F7B1-7C4B2971766A}.Debug|Any CPU.Build.0 = Debug|Any CPU
		{4DF1F3B9-8B47-77DF-F7B1-7C4B2971766A}.Release|Any CPU.ActiveCfg = Release|Any CPU
		{4DF1F3B9-8B47-77DF-F7B1-7C4B2971766A}.Release|Any CPU.Build.0 = Release|Any CPU
		{73C6A128-48E9-248C-D719-1C8EC8BEF23A}.Debug|Any CPU.ActiveCfg = Debug|Any CPU
		{73C6A128-48E9-248C-D719-1C8EC8BEF23A}.Debug|Any CPU.Build.0 = Debug|Any CPU
		{73C6A128-48E9-248C-D719-1C8EC8BEF23A}.Release|Any CPU.ActiveCfg = Release|Any CPU
		{73C6A128-48E9-248C-D719-1C8EC8BEF23A}.Release|Any CPU.Build.0 = Release|Any CPU
		{287D2396-97EC-9ED4-0AC0-E818B2AB4AE7}.Debug|Any CPU.ActiveCfg = Debug|Any CPU
		{287D2396-97EC-9ED4-0AC0-E818B2AB4AE7}.Debug|Any CPU.Build.0 = Debug|Any CPU
		{287D2396-97EC-9ED4-0AC0-E818B2AB4AE7}.Release|Any CPU.ActiveCfg = Release|Any CPU
		{287D2396-97EC-9ED4-0AC0-E818B2AB4AE7}.Release|Any CPU.Build.0 = Release|Any CPU
		{BEAF8F8A-D901-0FE9-3A7E-4C3D1F54D795}.Debug|Any CPU.ActiveCfg = Debug|Any CPU
		{BEAF8F8A-D901-0FE9-3A7E-4C3D1F54D795}.Debug|Any CPU.Build.0 = Debug|Any CPU
		{BEAF8F8A-D901-0FE9-3A7E-4C3D1F54D795}.Release|Any CPU.ActiveCfg = Release|Any CPU
		{BEAF8F8A-D901-0FE9-3A7E-4C3D1F54D795}.Release|Any CPU.Build.0 = Release|Any CPU
		{AD99EAA9-1A82-AF6F-4BE9-B7D5AB2BAF4D}.Debug|Any CPU.ActiveCfg = Debug|Any CPU
		{AD99EAA9-1A82-AF6F-4BE9-B7D5AB2BAF4D}.Debug|Any CPU.Build.0 = Debug|Any CPU
		{AD99EAA9-1A82-AF6F-4BE9-B7D5AB2BAF4D}.Release|Any CPU.ActiveCfg = Release|Any CPU
		{AD99EAA9-1A82-AF6F-4BE9-B7D5AB2BAF4D}.Release|Any CPU.Build.0 = Release|Any CPU
		{CF9FA8B1-0EE4-D89A-787E-18F3881683D6}.Debug|Any CPU.ActiveCfg = Debug|Any CPU
		{CF9FA8B1-0EE4-D89A-787E-18F3881683D6}.Debug|Any CPU.Build.0 = Debug|Any CPU
		{CF9FA8B1-0EE4-D89A-787E-18F3881683D6}.Release|Any CPU.ActiveCfg = Release|Any CPU
		{CF9FA8B1-0EE4-D89A-787E-18F3881683D6}.Release|Any CPU.Build.0 = Release|Any CPU
		{7113DCD7-736C-03CA-2AE7-B505E9999EF5}.Debug|Any CPU.ActiveCfg = Debug|Any CPU
		{7113DCD7-736C-03CA-2AE7-B505E9999EF5}.Debug|Any CPU.Build.0 = Debug|Any CPU
		{7113DCD7-736C-03CA-2AE7-B505E9999EF5}.Release|Any CPU.ActiveCfg = Release|Any CPU
		{7113DCD7-736C-03CA-2AE7-B505E9999EF5}.Release|Any CPU.Build.0 = Release|Any CPU
		{80423E5A-4C72-C37C-DE65-907794B201FC}.Debug|Any CPU.ActiveCfg = Debug|Any CPU
		{80423E5A-4C72-C37C-DE65-907794B201FC}.Debug|Any CPU.Build.0 = Debug|Any CPU
		{80423E5A-4C72-C37C-DE65-907794B201FC}.Release|Any CPU.ActiveCfg = Release|Any CPU
		{80423E5A-4C72-C37C-DE65-907794B201FC}.Release|Any CPU.Build.0 = Release|Any CPU
		{DDAE152D-679E-63B3-1385-B32F9539FF6A}.Debug|Any CPU.ActiveCfg = Debug|Any CPU
		{DDAE152D-679E-63B3-1385-B32F9539FF6A}.Debug|Any CPU.Build.0 = Debug|Any CPU
		{DDAE152D-679E-63B3-1385-B32F9539FF6A}.Release|Any CPU.ActiveCfg = Release|Any CPU
		{DDAE152D-679E-63B3-1385-B32F9539FF6A}.Release|Any CPU.Build.0 = Release|Any CPU
		{27954F00-F751-AE10-80F7-6DAF6C2D1CAC}.Debug|Any CPU.ActiveCfg = Debug|Any CPU
		{27954F00-F751-AE10-80F7-6DAF6C2D1CAC}.Debug|Any CPU.Build.0 = Debug|Any CPU
		{27954F00-F751-AE10-80F7-6DAF6C2D1CAC}.Release|Any CPU.ActiveCfg = Release|Any CPU
		{27954F00-F751-AE10-80F7-6DAF6C2D1CAC}.Release|Any CPU.Build.0 = Release|Any CPU
		{04B24F45-AFC9-39BF-08E5-9303695EBB86}.Debug|Any CPU.ActiveCfg = Debug|Any CPU
		{04B24F45-AFC9-39BF-08E5-9303695EBB86}.Debug|Any CPU.Build.0 = Debug|Any CPU
		{04B24F45-AFC9-39BF-08E5-9303695EBB86}.Release|Any CPU.ActiveCfg = Release|Any CPU
		{04B24F45-AFC9-39BF-08E5-9303695EBB86}.Release|Any CPU.Build.0 = Release|Any CPU
		{4F331A45-D190-A8D5-FDE2-F0F68B91F776}.Debug|Any CPU.ActiveCfg = Debug|Any CPU
		{4F331A45-D190-A8D5-FDE2-F0F68B91F776}.Debug|Any CPU.Build.0 = Debug|Any CPU
		{4F331A45-D190-A8D5-FDE2-F0F68B91F776}.Release|Any CPU.ActiveCfg = Release|Any CPU
		{4F331A45-D190-A8D5-FDE2-F0F68B91F776}.Release|Any CPU.Build.0 = Release|Any CPU
		{8F6A1BAB-BBA4-1417-3D17-BE9141A97962}.Debug|Any CPU.ActiveCfg = Debug|Any CPU
		{8F6A1BAB-BBA4-1417-3D17-BE9141A97962}.Debug|Any CPU.Build.0 = Debug|Any CPU
		{8F6A1BAB-BBA4-1417-3D17-BE9141A97962}.Release|Any CPU.ActiveCfg = Release|Any CPU
		{8F6A1BAB-BBA4-1417-3D17-BE9141A97962}.Release|Any CPU.Build.0 = Release|Any CPU
		{D075C3A8-4C9E-2A05-60F7-3C6030813385}.Debug|Any CPU.ActiveCfg = Debug|Any CPU
		{D075C3A8-4C9E-2A05-60F7-3C6030813385}.Debug|Any CPU.Build.0 = Debug|Any CPU
		{D075C3A8-4C9E-2A05-60F7-3C6030813385}.Release|Any CPU.ActiveCfg = Release|Any CPU
		{D075C3A8-4C9E-2A05-60F7-3C6030813385}.Release|Any CPU.Build.0 = Release|Any CPU
		{DCAF4517-F46C-081B-2AFE-5ABFC7398396}.Debug|Any CPU.ActiveCfg = Debug|Any CPU
		{DCAF4517-F46C-081B-2AFE-5ABFC7398396}.Debug|Any CPU.Build.0 = Debug|Any CPU
		{DCAF4517-F46C-081B-2AFE-5ABFC7398396}.Release|Any CPU.ActiveCfg = Release|Any CPU
		{DCAF4517-F46C-081B-2AFE-5ABFC7398396}.Release|Any CPU.Build.0 = Release|Any CPU
		{27AB3609-15DB-52E3-4D4E-5A489B4C4689}.Debug|Any CPU.ActiveCfg = Debug|Any CPU
		{27AB3609-15DB-52E3-4D4E-5A489B4C4689}.Debug|Any CPU.Build.0 = Debug|Any CPU
		{27AB3609-15DB-52E3-4D4E-5A489B4C4689}.Release|Any CPU.ActiveCfg = Release|Any CPU
		{27AB3609-15DB-52E3-4D4E-5A489B4C4689}.Release|Any CPU.Build.0 = Release|Any CPU
		{370322A7-A719-624F-301A-562657B3EFD1}.Debug|Any CPU.ActiveCfg = Debug|Any CPU
		{370322A7-A719-624F-301A-562657B3EFD1}.Debug|Any CPU.Build.0 = Debug|Any CPU
		{370322A7-A719-624F-301A-562657B3EFD1}.Release|Any CPU.ActiveCfg = Release|Any CPU
		{370322A7-A719-624F-301A-562657B3EFD1}.Release|Any CPU.Build.0 = Release|Any CPU
		{D1A69EBA-4735-137E-5406-672510AF36A9}.Debug|Any CPU.ActiveCfg = Debug|Any CPU
		{D1A69EBA-4735-137E-5406-672510AF36A9}.Debug|Any CPU.Build.0 = Debug|Any CPU
		{D1A69EBA-4735-137E-5406-672510AF36A9}.Release|Any CPU.ActiveCfg = Release|Any CPU
		{D1A69EBA-4735-137E-5406-672510AF36A9}.Release|Any CPU.Build.0 = Release|Any CPU
		{DC5AE9C2-3F37-D26D-0A1E-BE88D0C7E0DD}.Debug|Any CPU.ActiveCfg = Debug|Any CPU
		{DC5AE9C2-3F37-D26D-0A1E-BE88D0C7E0DD}.Debug|Any CPU.Build.0 = Debug|Any CPU
		{DC5AE9C2-3F37-D26D-0A1E-BE88D0C7E0DD}.Release|Any CPU.ActiveCfg = Release|Any CPU
		{DC5AE9C2-3F37-D26D-0A1E-BE88D0C7E0DD}.Release|Any CPU.Build.0 = Release|Any CPU
	EndGlobalSection
	GlobalSection(SolutionProperties) = preSolution
		HideSolutionNode = FALSE
	EndGlobalSection
EndGlobal
